{
  "version": "4",
  "specifiers": {
    "jsr:@std/dotenv@*": "0.225.3",
    "npm:@types/pg@^8.11.13": "8.11.13",
    "npm:drizzle-kit@0.31": "0.31.0_esbuild@0.25.2",
    "npm:drizzle-orm@0.42": "0.42.0_@types+pg@8.11.13_pg@8.14.1",
    "npm:pg@^8.14.1": "8.14.1"
  },
  "jsr": {
    "@std/dotenv@0.225.3": {
      "integrity": "a95e5b812c27b0854c52acbae215856d9cce9d4bbf774d938c51d212711e8d4a"
    }
  },
  "npm": {
    "@drizzle-team/brocli@0.10.2": {
      "integrity": "sha512-z33Il7l5dKjUgGULTqBsQBQwckHh5AbIuxhdsIxDDiZAzBOrZO6q9ogcWC65kU382AfynTfgNumVcNIjuIua6w=="
    },
    "@esbuild-kit/core-utils@3.3.2": {
      "integrity": "sha512-sPRAnw9CdSsRmEtnsl2WXWdyquogVpB3yZ3dgwJfe8zrOzTsV7cJvmwrKVa+0ma5BoiGJ+BoqkMvawbayKUsqQ==",
      "dependencies": [
        "esbuild@0.18.20",
        "source-map-support"
      ]
    },
    "@esbuild-kit/esm-loader@2.6.5": {
      "integrity": "sha512-FxEMIkJKnodyA1OaCUoEvbYRkoZlLZ4d/eXFu9Fh8CbBBgP5EmZxrfTRyN0qpXZ4vOvqnE5YdRdcrmUUXuU+dA==",
      "dependencies": [
        "@esbuild-kit/core-utils",
        "get-tsconfig"
      ]
    },
    "@esbuild/aix-ppc64@0.25.2": {
      "integrity": "sha512-wCIboOL2yXZym2cgm6mlA742s9QeJ8DjGVaL39dLN4rRwrOgOyYSnOaFPhKZGLb2ngj4EyfAFjsNJwPXZvseag=="
    },
    "@esbuild/android-arm64@0.18.20": {
      "integrity": "sha512-Nz4rJcchGDtENV0eMKUNa6L12zz2zBDXuhj/Vjh18zGqB44Bi7MBMSXjgunJgjRhCmKOjnPuZp4Mb6OKqtMHLQ=="
    },
    "@esbuild/android-arm64@0.25.2": {
      "integrity": "sha512-5ZAX5xOmTligeBaeNEPnPaeEuah53Id2tX4c2CVP3JaROTH+j4fnfHCkr1PjXMd78hMst+TlkfKcW/DlTq0i4w=="
    },
    "@esbuild/android-arm@0.18.20": {
      "integrity": "sha512-fyi7TDI/ijKKNZTUJAQqiG5T7YjJXgnzkURqmGj13C6dCqckZBLdl4h7bkhHt/t0WP+zO9/zwroDvANaOqO5Sw=="
    },
    "@esbuild/android-arm@0.25.2": {
      "integrity": "sha512-NQhH7jFstVY5x8CKbcfa166GoV0EFkaPkCKBQkdPJFvo5u+nGXLEH/ooniLb3QI8Fk58YAx7nsPLozUWfCBOJA=="
    },
    "@esbuild/android-x64@0.18.20": {
      "integrity": "sha512-8GDdlePJA8D6zlZYJV/jnrRAi6rOiNaCC/JclcXpB+KIuvfBN4owLtgzY2bsxnx666XjJx2kDPUmnTtR8qKQUg=="
    },
    "@esbuild/android-x64@0.25.2": {
      "integrity": "sha512-Ffcx+nnma8Sge4jzddPHCZVRvIfQ0kMsUsCMcJRHkGJ1cDmhe4SsrYIjLUKn1xpHZybmOqCWwB0zQvsjdEHtkg=="
    },
    "@esbuild/darwin-arm64@0.18.20": {
      "integrity": "sha512-bxRHW5kHU38zS2lPTPOyuyTm+S+eobPUnTNkdJEfAddYgEcll4xkT8DB9d2008DtTbl7uJag2HuE5NZAZgnNEA=="
    },
    "@esbuild/darwin-arm64@0.25.2": {
      "integrity": "sha512-MpM6LUVTXAzOvN4KbjzU/q5smzryuoNjlriAIx+06RpecwCkL9JpenNzpKd2YMzLJFOdPqBpuub6eVRP5IgiSA=="
    },
    "@esbuild/darwin-x64@0.18.20": {
      "integrity": "sha512-pc5gxlMDxzm513qPGbCbDukOdsGtKhfxD1zJKXjCCcU7ju50O7MeAZ8c4krSJcOIJGFR+qx21yMMVYwiQvyTyQ=="
    },
    "@esbuild/darwin-x64@0.25.2": {
      "integrity": "sha512-5eRPrTX7wFyuWe8FqEFPG2cU0+butQQVNcT4sVipqjLYQjjh8a8+vUTfgBKM88ObB85ahsnTwF7PSIt6PG+QkA=="
    },
    "@esbuild/freebsd-arm64@0.18.20": {
      "integrity": "sha512-yqDQHy4QHevpMAaxhhIwYPMv1NECwOvIpGCZkECn8w2WFHXjEwrBn3CeNIYsibZ/iZEUemj++M26W3cNR5h+Tw=="
    },
    "@esbuild/freebsd-arm64@0.25.2": {
      "integrity": "sha512-mLwm4vXKiQ2UTSX4+ImyiPdiHjiZhIaE9QvC7sw0tZ6HoNMjYAqQpGyui5VRIi5sGd+uWq940gdCbY3VLvsO1w=="
    },
    "@esbuild/freebsd-x64@0.18.20": {
      "integrity": "sha512-tgWRPPuQsd3RmBZwarGVHZQvtzfEBOreNuxEMKFcd5DaDn2PbBxfwLcj4+aenoh7ctXcbXmOQIn8HI6mCSw5MQ=="
    },
    "@esbuild/freebsd-x64@0.25.2": {
      "integrity": "sha512-6qyyn6TjayJSwGpm8J9QYYGQcRgc90nmfdUb0O7pp1s4lTY+9D0H9O02v5JqGApUyiHOtkz6+1hZNvNtEhbwRQ=="
    },
    "@esbuild/linux-arm64@0.18.20": {
      "integrity": "sha512-2YbscF+UL7SQAVIpnWvYwM+3LskyDmPhe31pE7/aoTMFKKzIc9lLbyGUpmmb8a8AixOL61sQ/mFh3jEjHYFvdA=="
    },
    "@esbuild/linux-arm64@0.25.2": {
      "integrity": "sha512-gq/sjLsOyMT19I8obBISvhoYiZIAaGF8JpeXu1u8yPv8BE5HlWYobmlsfijFIZ9hIVGYkbdFhEqC0NvM4kNO0g=="
    },
    "@esbuild/linux-arm@0.18.20": {
      "integrity": "sha512-/5bHkMWnq1EgKr1V+Ybz3s1hWXok7mDFUMQ4cG10AfW3wL02PSZi5kFpYKrptDsgb2WAJIvRcDm+qIvXf/apvg=="
    },
    "@esbuild/linux-arm@0.25.2": {
      "integrity": "sha512-UHBRgJcmjJv5oeQF8EpTRZs/1knq6loLxTsjc3nxO9eXAPDLcWW55flrMVc97qFPbmZP31ta1AZVUKQzKTzb0g=="
    },
    "@esbuild/linux-ia32@0.18.20": {
      "integrity": "sha512-P4etWwq6IsReT0E1KHU40bOnzMHoH73aXp96Fs8TIT6z9Hu8G6+0SHSw9i2isWrD2nbx2qo5yUqACgdfVGx7TA=="
    },
    "@esbuild/linux-ia32@0.25.2": {
      "integrity": "sha512-bBYCv9obgW2cBP+2ZWfjYTU+f5cxRoGGQ5SeDbYdFCAZpYWrfjjfYwvUpP8MlKbP0nwZ5gyOU/0aUzZ5HWPuvQ=="
    },
    "@esbuild/linux-loong64@0.18.20": {
      "integrity": "sha512-nXW8nqBTrOpDLPgPY9uV+/1DjxoQ7DoB2N8eocyq8I9XuqJ7BiAMDMf9n1xZM9TgW0J8zrquIb/A7s3BJv7rjg=="
    },
    "@esbuild/linux-loong64@0.25.2": {
      "integrity": "sha512-SHNGiKtvnU2dBlM5D8CXRFdd+6etgZ9dXfaPCeJtz+37PIUlixvlIhI23L5khKXs3DIzAn9V8v+qb1TRKrgT5w=="
    },
    "@esbuild/linux-mips64el@0.18.20": {
      "integrity": "sha512-d5NeaXZcHp8PzYy5VnXV3VSd2D328Zb+9dEq5HE6bw6+N86JVPExrA6O68OPwobntbNJ0pzCpUFZTo3w0GyetQ=="
    },
    "@esbuild/linux-mips64el@0.25.2": {
      "integrity": "sha512-hDDRlzE6rPeoj+5fsADqdUZl1OzqDYow4TB4Y/3PlKBD0ph1e6uPHzIQcv2Z65u2K0kpeByIyAjCmjn1hJgG0Q=="
    },
    "@esbuild/linux-ppc64@0.18.20": {
      "integrity": "sha512-WHPyeScRNcmANnLQkq6AfyXRFr5D6N2sKgkFo2FqguP44Nw2eyDlbTdZwd9GYk98DZG9QItIiTlFLHJHjxP3FA=="
    },
    "@esbuild/linux-ppc64@0.25.2": {
      "integrity": "sha512-tsHu2RRSWzipmUi9UBDEzc0nLc4HtpZEI5Ba+Omms5456x5WaNuiG3u7xh5AO6sipnJ9r4cRWQB2tUjPyIkc6g=="
    },
    "@esbuild/linux-riscv64@0.18.20": {
      "integrity": "sha512-WSxo6h5ecI5XH34KC7w5veNnKkju3zBRLEQNY7mv5mtBmrP/MjNBCAlsM2u5hDBlS3NGcTQpoBvRzqBcRtpq1A=="
    },
    "@esbuild/linux-riscv64@0.25.2": {
      "integrity": "sha512-k4LtpgV7NJQOml/10uPU0s4SAXGnowi5qBSjaLWMojNCUICNu7TshqHLAEbkBdAszL5TabfvQ48kK84hyFzjnw=="
    },
    "@esbuild/linux-s390x@0.18.20": {
      "integrity": "sha512-+8231GMs3mAEth6Ja1iK0a1sQ3ohfcpzpRLH8uuc5/KVDFneH6jtAJLFGafpzpMRO6DzJ6AvXKze9LfFMrIHVQ=="
    },
    "@esbuild/linux-s390x@0.25.2": {
      "integrity": "sha512-GRa4IshOdvKY7M/rDpRR3gkiTNp34M0eLTaC1a08gNrh4u488aPhuZOCpkF6+2wl3zAN7L7XIpOFBhnaE3/Q8Q=="
    },
    "@esbuild/linux-x64@0.18.20": {
      "integrity": "sha512-UYqiqemphJcNsFEskc73jQ7B9jgwjWrSayxawS6UVFZGWrAAtkzjxSqnoclCXxWtfwLdzU+vTpcNYhpn43uP1w=="
    },
    "@esbuild/linux-x64@0.25.2": {
      "integrity": "sha512-QInHERlqpTTZ4FRB0fROQWXcYRD64lAoiegezDunLpalZMjcUcld3YzZmVJ2H/Cp0wJRZ8Xtjtj0cEHhYc/uUg=="
    },
    "@esbuild/netbsd-arm64@0.25.2": {
      "integrity": "sha512-talAIBoY5M8vHc6EeI2WW9d/CkiO9MQJ0IOWX8hrLhxGbro/vBXJvaQXefW2cP0z0nQVTdQ/eNyGFV1GSKrxfw=="
    },
    "@esbuild/netbsd-x64@0.18.20": {
      "integrity": "sha512-iO1c++VP6xUBUmltHZoMtCUdPlnPGdBom6IrO4gyKPFFVBKioIImVooR5I83nTew5UOYrk3gIJhbZh8X44y06A=="
    },
    "@esbuild/netbsd-x64@0.25.2": {
      "integrity": "sha512-voZT9Z+tpOxrvfKFyfDYPc4DO4rk06qamv1a/fkuzHpiVBMOhpjK+vBmWM8J1eiB3OLSMFYNaOaBNLXGChf5tg=="
    },
    "@esbuild/openbsd-arm64@0.25.2": {
      "integrity": "sha512-dcXYOC6NXOqcykeDlwId9kB6OkPUxOEqU+rkrYVqJbK2hagWOMrsTGsMr8+rW02M+d5Op5NNlgMmjzecaRf7Tg=="
    },
    "@esbuild/openbsd-x64@0.18.20": {
      "integrity": "sha512-e5e4YSsuQfX4cxcygw/UCPIEP6wbIL+se3sxPdCiMbFLBWu0eiZOJ7WoD+ptCLrmjZBK1Wk7I6D/I3NglUGOxg=="
    },
    "@esbuild/openbsd-x64@0.25.2": {
      "integrity": "sha512-t/TkWwahkH0Tsgoq1Ju7QfgGhArkGLkF1uYz8nQS/PPFlXbP5YgRpqQR3ARRiC2iXoLTWFxc6DJMSK10dVXluw=="
    },
    "@esbuild/sunos-x64@0.18.20": {
      "integrity": "sha512-kDbFRFp0YpTQVVrqUd5FTYmWo45zGaXe0X8E1G/LKFC0v8x0vWrhOWSLITcCn63lmZIxfOMXtCfti/RxN/0wnQ=="
    },
    "@esbuild/sunos-x64@0.25.2": {
      "integrity": "sha512-cfZH1co2+imVdWCjd+D1gf9NjkchVhhdpgb1q5y6Hcv9TP6Zi9ZG/beI3ig8TvwT9lH9dlxLq5MQBBgwuj4xvA=="
    },
    "@esbuild/win32-arm64@0.18.20": {
      "integrity": "sha512-ddYFR6ItYgoaq4v4JmQQaAI5s7npztfV4Ag6NrhiaW0RrnOXqBkgwZLofVTlq1daVTQNhtI5oieTvkRPfZrePg=="
    },
    "@esbuild/win32-arm64@0.25.2": {
      "integrity": "sha512-7Loyjh+D/Nx/sOTzV8vfbB3GJuHdOQyrOryFdZvPHLf42Tk9ivBU5Aedi7iyX+x6rbn2Mh68T4qq1SDqJBQO5Q=="
    },
    "@esbuild/win32-ia32@0.18.20": {
      "integrity": "sha512-Wv7QBi3ID/rROT08SABTS7eV4hX26sVduqDOTe1MvGMjNd3EjOz4b7zeexIR62GTIEKrfJXKL9LFxTYgkyeu7g=="
    },
    "@esbuild/win32-ia32@0.25.2": {
      "integrity": "sha512-WRJgsz9un0nqZJ4MfhabxaD9Ft8KioqU3JMinOTvobbX6MOSUigSBlogP8QB3uxpJDsFS6yN+3FDBdqE5lg9kg=="
    },
    "@esbuild/win32-x64@0.18.20": {
      "integrity": "sha512-kTdfRcSiDfQca/y9QIkng02avJ+NCaQvrMejlsB3RRv5sE9rRoeBPISaZpKxHELzRxZyLvNts1P27W3wV+8geQ=="
    },
    "@esbuild/win32-x64@0.25.2": {
      "integrity": "sha512-kM3HKb16VIXZyIeVrM1ygYmZBKybX8N4p754bw390wGO3Tf2j4L2/WYL+4suWujpgf6GBYs3jv7TyUivdd05JA=="
    },
    "@types/node@22.12.0": {
      "integrity": "sha512-Fll2FZ1riMjNmlmJOdAyY5pUbkftXslB5DgEzlIuNaiWhXd00FhWxVC/r4yV/4wBb9JfImTu+jiSvXTkJ7F/gA==",
      "dependencies": [
        "undici-types"
      ]
    },
    "@types/pg@8.11.13": {
      "integrity": "sha512-6kXByGkvRvwXLuyaWzsebs2du6+XuAB2CuMsuzP7uaihQahshVgSmB22Pmh0vQMkQ1h5+PZU0d+Di1o+WpVWJg==",
      "dependencies": [
        "@types/node",
        "pg-protocol",
        "pg-types@4.0.2"
      ]
    },
    "buffer-from@1.1.2": {
      "integrity": "sha512-E+XQCRwSbaaiChtv6k6Dwgc+bx+Bs6vuKJHHl5kox/BaKbhiXzqQOwK4cO22yElGp2OCmjwVhT3HmxgyPGnJfQ=="
    },
    "debug@4.4.0": {
      "integrity": "sha512-6WTZ/IxCY/T6BALoZHaE4ctp9xm+Z5kY/pzYaCHRFeyVhojxlrm+46y68HA6hr0TcwEssoxNiDEUJQjfPZ/RYA==",
      "dependencies": [
        "ms"
      ]
    },
    "drizzle-kit@0.31.0_esbuild@0.25.2": {
      "integrity": "sha512-pcKVT+GbfPA+bUovPIilgVOoq+onNBo/YQBG86sf3/GFHkN6lRJPm1l7dKN0IMAk57RQoIm4GUllRrasLlcaSg==",
      "dependencies": [
        "@drizzle-team/brocli",
        "@esbuild-kit/esm-loader",
        "esbuild-register",
        "esbuild@0.25.2"
      ]
    },
    "drizzle-orm@0.42.0_@types+pg@8.11.13_pg@8.14.1": {
      "integrity": "sha512-pS8nNJm2kBNZwrOjTHJfdKkaU+KuUQmV/vk5D57NojDq4FG+0uAYGMulXtYT///HfgsMF0hnFFvu1ezI3OwOkg==",
      "dependencies": [
        "@types/pg",
        "pg"
      ]
    },
    "esbuild-register@3.6.0_esbuild@0.25.2": {
      "integrity": "sha512-H2/S7Pm8a9CL1uhp9OvjwrBh5Pvx0H8qVOxNu8Wed9Y7qv56MPtq+GGM8RJpq6glYJn9Wspr8uw7l55uyinNeg==",
      "dependencies": [
        "debug",
        "esbuild@0.25.2"
      ]
    },
    "esbuild@0.18.20": {
      "integrity": "sha512-ceqxoedUrcayh7Y7ZX6NdbbDzGROiyVBgC4PriJThBKSVPWnnFHZAkfI1lJT8QFkOwH4qOS2SJkS4wvpGl8BpA==",
      "dependencies": [
        "@esbuild/android-arm64@0.18.20",
        "@esbuild/android-arm@0.18.20",
        "@esbuild/android-x64@0.18.20",
        "@esbuild/darwin-arm64@0.18.20",
        "@esbuild/darwin-x64@0.18.20",
        "@esbuild/freebsd-arm64@0.18.20",
        "@esbuild/freebsd-x64@0.18.20",
        "@esbuild/linux-arm64@0.18.20",
        "@esbuild/linux-arm@0.18.20",
        "@esbuild/linux-ia32@0.18.20",
        "@esbuild/linux-loong64@0.18.20",
        "@esbuild/linux-mips64el@0.18.20",
        "@esbuild/linux-ppc64@0.18.20",
        "@esbuild/linux-riscv64@0.18.20",
        "@esbuild/linux-s390x@0.18.20",
        "@esbuild/linux-x64@0.18.20",
        "@esbuild/netbsd-x64@0.18.20",
        "@esbuild/openbsd-x64@0.18.20",
        "@esbuild/sunos-x64@0.18.20",
        "@esbuild/win32-arm64@0.18.20",
        "@esbuild/win32-ia32@0.18.20",
        "@esbuild/win32-x64@0.18.20"
      ]
    },
    "esbuild@0.25.2": {
      "integrity": "sha512-16854zccKPnC+toMywC+uKNeYSv+/eXkevRAfwRD/G9Cleq66m8XFIrigkbvauLLlCfDL45Q2cWegSg53gGBnQ==",
      "dependencies": [
        "@esbuild/aix-ppc64",
        "@esbuild/android-arm64@0.25.2",
        "@esbuild/android-arm@0.25.2",
        "@esbuild/android-x64@0.25.2",
        "@esbuild/darwin-arm64@0.25.2",
        "@esbuild/darwin-x64@0.25.2",
        "@esbuild/freebsd-arm64@0.25.2",
        "@esbuild/freebsd-x64@0.25.2",
        "@esbuild/linux-arm64@0.25.2",
        "@esbuild/linux-arm@0.25.2",
        "@esbuild/linux-ia32@0.25.2",
        "@esbuild/linux-loong64@0.25.2",
        "@esbuild/linux-mips64el@0.25.2",
        "@esbuild/linux-ppc64@0.25.2",
        "@esbuild/linux-riscv64@0.25.2",
        "@esbuild/linux-s390x@0.25.2",
        "@esbuild/linux-x64@0.25.2",
        "@esbuild/netbsd-arm64",
        "@esbuild/netbsd-x64@0.25.2",
        "@esbuild/openbsd-arm64",
        "@esbuild/openbsd-x64@0.25.2",
        "@esbuild/sunos-x64@0.25.2",
        "@esbuild/win32-arm64@0.25.2",
        "@esbuild/win32-ia32@0.25.2",
        "@esbuild/win32-x64@0.25.2"
      ]
    },
    "get-tsconfig@4.10.0": {
      "integrity": "sha512-kGzZ3LWWQcGIAmg6iWvXn0ei6WDtV26wzHRMwDSzmAbcXrTEXxHy6IehI6/4eT6VRKyMP1eF1VqwrVUmE/LR7A==",
      "dependencies": [
        "resolve-pkg-maps"
      ]
    },
    "ms@2.1.3": {
      "integrity": "sha512-6FlzubTLZG3J2a/NVCAleEhjzq5oxgHyaCU9yYXvcLsvoVaHJq/s5xXI6/XXP6tz7R9xAOtHnSO/tXtF3WRTlA=="
    },
    "obuf@1.1.2": {
      "integrity": "sha512-PX1wu0AmAdPqOL1mWhqmlOd8kOIZQwGZw6rh7uby9fTc5lhaOWFLX3I6R1hrF9k3zUY40e6igsLGkDXK92LJNg=="
    },
    "pg-cloudflare@1.1.1": {
      "integrity": "sha512-xWPagP/4B6BgFO+EKz3JONXv3YDgvkbVrGw2mTo3D6tVDQRh1e7cqVGvyR3BE+eQgAvx1XhW/iEASj4/jCWl3Q=="
    },
    "pg-connection-string@2.7.0": {
      "integrity": "sha512-PI2W9mv53rXJQEOb8xNR8lH7Hr+EKa6oJa38zsK0S/ky2er16ios1wLKhZyxzD7jUReiWokc9WK5nxSnC7W1TA=="
    },
    "pg-int8@1.0.1": {
      "integrity": "sha512-WCtabS6t3c8SkpDBUlb1kjOs7l66xsGdKpIPZsg4wR+B3+u9UAum2odSsF9tnvxg80h4ZxLWMy4pRjOsFIqQpw=="
    },
    "pg-numeric@1.0.2": {
      "integrity": "sha512-BM/Thnrw5jm2kKLE5uJkXqqExRUY/toLHda65XgFTBTFYZyopbKjBe29Ii3RbkvlsMoFwD+tHeGaCjjv0gHlyw=="
    },
    "pg-pool@3.8.0_pg@8.14.1": {
      "integrity": "sha512-VBw3jiVm6ZOdLBTIcXLNdSotb6Iy3uOCwDGFAksZCXmi10nyRvnP2v3jl4d+IsLYRyXf6o9hIm/ZtUzlByNUdw==",
      "dependencies": [
        "pg"
      ]
    },
    "pg-protocol@1.8.0": {
      "integrity": "sha512-jvuYlEkL03NRvOoyoRktBK7+qU5kOvlAwvmrH8sr3wbLrOdVWsRxQfz8mMy9sZFsqJ1hEWNfdWKI4SAmoL+j7g=="
    },
    "pg-types@2.2.0": {
      "integrity": "sha512-qTAAlrEsl8s4OiEQY69wDvcMIdQN6wdz5ojQiOy6YRMuynxenON0O5oCpJI6lshc6scgAY8qvJ2On/p+CXY0GA==",
      "dependencies": [
        "pg-int8",
        "postgres-array@2.0.0",
        "postgres-bytea@1.0.0",
        "postgres-date@1.0.7",
        "postgres-interval@1.2.0"
      ]
    },
    "pg-types@4.0.2": {
      "integrity": "sha512-cRL3JpS3lKMGsKaWndugWQoLOCoP+Cic8oseVcbr0qhPzYD5DWXK+RZ9LY9wxRf7RQia4SCwQlXk0q6FCPrVng==",
      "dependencies": [
        "pg-int8",
        "pg-numeric",
        "postgres-array@3.0.4",
        "postgres-bytea@3.0.0",
        "postgres-date@2.1.0",
        "postgres-interval@3.0.0",
        "postgres-range"
      ]
    },
    "pg@8.14.1": {
      "integrity": "sha512-0TdbqfjwIun9Fm/r89oB7RFQ0bLgduAhiIqIXOsyKoiC/L54DbuAAzIEN/9Op0f1Po9X7iCPXGoa/Ah+2aI8Xw==",
      "dependencies": [
        "pg-cloudflare",
        "pg-connection-string",
        "pg-pool",
        "pg-protocol",
        "pg-types@2.2.0",
        "pgpass"
      ]
    },
    "pgpass@1.0.5": {
      "integrity": "sha512-FdW9r/jQZhSeohs1Z3sI1yxFQNFvMcnmfuj4WBMUTxOrAyLMaTcE1aAMBiTlbMNaXvBCQuVi0R7hd8udDSP7ug==",
      "dependencies": [
        "split2"
      ]
    },
    "postgres-array@2.0.0": {
      "integrity": "sha512-VpZrUqU5A69eQyW2c5CA1jtLecCsN2U/bD6VilrFDWq5+5UIEVO7nazS3TEcHf1zuPYO/sqGvUvW62g86RXZuA=="
    },
    "postgres-array@3.0.4": {
      "integrity": "sha512-nAUSGfSDGOaOAEGwqsRY27GPOea7CNipJPOA7lPbdEpx5Kg3qzdP0AaWC5MlhTWV9s4hFX39nomVZ+C4tnGOJQ=="
    },
    "postgres-bytea@1.0.0": {
      "integrity": "sha512-xy3pmLuQqRBZBXDULy7KbaitYqLcmxigw14Q5sj8QBVLqEwXfeybIKVWiqAXTlcvdvb0+xkOtDbfQMOf4lST1w=="
    },
    "postgres-bytea@3.0.0": {
      "integrity": "sha512-CNd4jim9RFPkObHSjVHlVrxoVQXz7quwNFpz7RY1okNNme49+sVyiTvTRobiLV548Hx/hb1BG+iE7h9493WzFw==",
      "dependencies": [
        "obuf"
      ]
    },
    "postgres-date@1.0.7": {
      "integrity": "sha512-suDmjLVQg78nMK2UZ454hAG+OAW+HQPZ6n++TNDUX+L0+uUlLywnoxJKDou51Zm+zTCjrCl0Nq6J9C5hP9vK/Q=="
    },
    "postgres-date@2.1.0": {
      "integrity": "sha512-K7Juri8gtgXVcDfZttFKVmhglp7epKb1K4pgrkLxehjqkrgPhfG6OO8LHLkfaqkbpjNRnra018XwAr1yQFWGcA=="
    },
    "postgres-interval@1.2.0": {
      "integrity": "sha512-9ZhXKM/rw350N1ovuWHbGxnGh/SNJ4cnxHiM0rxE4VN41wsg8P8zWn9hv/buK00RP4WvlOyr/RBDiptyxVbkZQ==",
      "dependencies": [
        "xtend"
      ]
    },
    "postgres-interval@3.0.0": {
      "integrity": "sha512-BSNDnbyZCXSxgA+1f5UU2GmwhoI0aU5yMxRGO8CdFEcY2BQF9xm/7MqKnYoM1nJDk8nONNWDk9WeSmePFhQdlw=="
    },
    "postgres-range@1.1.4": {
      "integrity": "sha512-i/hbxIE9803Alj/6ytL7UHQxRvZkI9O4Sy+J3HGc4F4oo/2eQAjTSNJ0bfxyse3bH0nuVesCk+3IRLaMtG3H6w=="
    },
    "resolve-pkg-maps@1.0.0": {
      "integrity": "sha512-seS2Tj26TBVOC2NIc2rOe2y2ZO7efxITtLZcGSOnHHNOQ7CkiUBfw0Iw2ck6xkIhPwLhKNLS8BO+hEpngQlqzw=="
    },
    "source-map-support@0.5.21": {
      "integrity": "sha512-uBHU3L3czsIyYXKX88fdrGovxdSCoTGDRZ6SYXtSRxLZUzHg5P/66Ht6uoUlHu9EZod+inXhKo3qQgwXUT/y1w==",
      "dependencies": [
        "buffer-from",
        "source-map"
      ]
    },
    "source-map@0.6.1": {
      "integrity": "sha512-UjgapumWlbMhkBgzT7Ykc5YXUT46F0iKu8SGXq0bcwP5dz/h0Plj6enJqjz1Zbq2l5WaqYnrVbwWOWMyF3F47g=="
    },
    "split2@4.2.0": {
      "integrity": "sha512-UcjcJOWknrNkF6PLX83qcHM6KHgVKNkV62Y8a5uYDVv9ydGQVwAHMKqHdJje1VTWpljG0WYpCDhrCdAOYH4TWg=="
    },
    "undici-types@6.20.0": {
      "integrity": "sha512-Ny6QZ2Nju20vw1SRHe3d9jVu6gJ+4e3+MMpqu7pqE5HT6WsTSlce++GQmK5UXS8mzV8DSYHrQH+Xrf2jVcuKNg=="
    },
    "xtend@4.0.2": {
      "integrity": "sha512-LKYU1iAXJXUgAXn9URjiu+MWhyUXHsvfp7mcuYm9dSUKK0/CjtrUwFAxD82/mCWbtLsGjFIad0wIsod4zrTAEQ=="
    }
  },
  "remote": {
    "https://cdn.skypack.dev/-/debug@v4.3.4-o4liVvMlOnQWbLSYZMXw/dist=es2019,mode=imports/optimized/debug.js": "671100993996e39b501301a87000607916d4d2d9f8fc8e9c5200ae5ba64a1389",
    "https://cdn.skypack.dev/-/ms@v2.1.2-giBDZ1IA5lmQ3ZXaa87V/dist=es2019,mode=imports/optimized/ms.js": "fd88e2d51900437011f1ad232f3393ce97db1b87a7844b3c58dd6d65562c1276",
    "https://cdn.skypack.dev/debug@4.3.4": "7b1d010cc930f71b940ba5941da055bc181115229e29de7214bdb4425c68ea76",
    "https://deno.land/std@0.211.0/path/_common/assert_path.ts": "2ca275f36ac1788b2acb60fb2b79cb06027198bc2ba6fb7e163efaedde98c297",
    "https://deno.land/std@0.211.0/path/_common/basename.ts": "569744855bc8445f3a56087fd2aed56bdad39da971a8d92b138c9913aecc5fa2",
    "https://deno.land/std@0.211.0/path/_common/constants.ts": "dc5f8057159f4b48cd304eb3027e42f1148cf4df1fb4240774d3492b5d12ac0c",
    "https://deno.land/std@0.211.0/path/_common/strip_trailing_separators.ts": "7024a93447efcdcfeaa9339a98fa63ef9d53de363f1fbe9858970f1bba02655a",
    "https://deno.land/std@0.211.0/path/_os.ts": "8fb9b90fb6b753bd8c77cfd8a33c2ff6c5f5bc185f50de8ca4ac6a05710b2c15",
    "https://deno.land/std@0.211.0/path/basename.ts": "5d341aadb7ada266e2280561692c165771d071c98746fcb66da928870cd47668",
    "https://deno.land/std@0.211.0/path/posix/_util.ts": "1e3937da30f080bfc99fe45d7ed23c47dd8585c5e473b2d771380d3a6937cf9d",
    "https://deno.land/std@0.211.0/path/posix/basename.ts": "39ee27a29f1f35935d3603ccf01d53f3d6e0c5d4d0f84421e65bd1afeff42843",
    "https://deno.land/std@0.211.0/path/windows/_util.ts": "d5f47363e5293fced22c984550d5e70e98e266cc3f31769e1710511803d04808",
    "https://deno.land/std@0.211.0/path/windows/basename.ts": "e2dbf31d1d6385bfab1ce38c333aa290b6d7ae9e0ecb8234a654e583cf22f8fe",
    "https://deno.land/x/grammy@v1.36.0/bot.ts": "b0e3159726c9873787ab7a06c2bcf5b8bb90da3493486b31a50cf260534bfa9e",
    "https://deno.land/x/grammy@v1.36.0/composer.ts": "dab5a40d8a6fdc734bfb218f8b2e4ef846c05b833219ddd3fdee3f145bb2660b",
    "https://deno.land/x/grammy@v1.36.0/context.ts": "7e096053edbdf289b62b718d657c4d54b063d0eb8e7b25ecc9c84a96de502068",
    "https://deno.land/x/grammy@v1.36.0/convenience/constants.ts": "1560129784be52f49aa0bea8716f09ed00dac367fef195be6a2c09bdfc43fb99",
    "https://deno.land/x/grammy@v1.36.0/convenience/frameworks.ts": "e78afd522b62202053c09dc119ff282d356d85845a05af6d678a4ffa7ca3037d",
    "https://deno.land/x/grammy@v1.36.0/convenience/inline_query.ts": "409d1940c7670708064efa495003bcbfdf6763a756b2e6303c464489fd3394ff",
    "https://deno.land/x/grammy@v1.36.0/convenience/input_media.ts": "7af72a5fdb1af0417e31b1327003f536ddfdf64e06ab8bc7f5da6b574de38658",
    "https://deno.land/x/grammy@v1.36.0/convenience/keyboard.ts": "dc5d3f53d0f6a15600ced9b40c85debe55a5d381436826b4cdede18c84bd6bae",
    "https://deno.land/x/grammy@v1.36.0/convenience/session.ts": "5e4b976528a0b3d7893645ac23e2e35e78671af578a3aed5efb4b621e7e9b6da",
    "https://deno.land/x/grammy@v1.36.0/convenience/webhook.ts": "722f6da8de7578ecfcd263ca07ec3b81f09e7f243fdf2a887ac0e6cab509e116",
    "https://deno.land/x/grammy@v1.36.0/core/api.ts": "f4b9713336a966e62765be2a0e9ab42138d299f9813e5bd57ffe2c4996008818",
    "https://deno.land/x/grammy@v1.36.0/core/client.ts": "44a9f9fd6dc7eb8ab3c57dab3f550ef5ec53142c5df16ab5501da8e3ea62dcff",
    "https://deno.land/x/grammy@v1.36.0/core/error.ts": "5245f18f273da6be364f525090c24d2e9a282c180904f674f66946f2b2556247",
    "https://deno.land/x/grammy@v1.36.0/core/payload.ts": "420e17c3c2830b5576ea187cfce77578fe09f1204b25c25ea2f220ca7c86e73b",
    "https://deno.land/x/grammy@v1.36.0/filter.ts": "fdcc466dc8591439033de005e9743889109053e62b72ba3245ef994555d003f4",
    "https://deno.land/x/grammy@v1.36.0/mod.ts": "a973e356760eed1b58bc89280e6eb41bbdf74035f6348c08d6cebf50da1dac34",
    "https://deno.land/x/grammy@v1.36.0/platform.deno.ts": "68272a7e1d9a2d74d8a45342526485dbc0531dee812f675d7f8a4e7fc8393028",
    "https://deno.land/x/grammy@v1.36.0/types.deno.ts": "07efef6ec62170d78370a13d8a41a87b195cfdb3769672a7091a734d62707428",
    "https://deno.land/x/grammy@v1.36.0/types.ts": "729415590dfa188dbe924dea614dff4e976babdbabb28a307b869fc25777cdf0",
    "https://deno.land/x/grammy_types@v3.20.0/api.ts": "ae04d6628e3d25ae805bc07a19475065044fc44cde0a40877405bc3544d03a5f",
    "https://deno.land/x/grammy_types@v3.20.0/inline.ts": "9afd0340eafd22acb163f2f680d58b85719f0edc92dffa4d259fc5232e543d23",
    "https://deno.land/x/grammy_types@v3.20.0/langs.ts": "5f5fd09c58ba3ae942dd7cea2696f95587d2032c1829bba4bca81762b7ef73b6",
    "https://deno.land/x/grammy_types@v3.20.0/manage.ts": "c02480bbba003bc66dbc30bd0d1edf837b09ad9ee459ef82afd8d3492caac0da",
    "https://deno.land/x/grammy_types@v3.20.0/markup.ts": "b989e0712f9731c59e6cb308371b1722d823dd55de3d6bcaf3e4ed645a42e1f9",
    "https://deno.land/x/grammy_types@v3.20.0/message.ts": "243968db23afa31e0a390d46b58489ca182fac10e81aa05c859f6a4b3a66fe13",
    "https://deno.land/x/grammy_types@v3.20.0/methods.ts": "2d9e398a9ef09dff6633caaa23b5a89375340f083e046f7f3be7ce6179cca38b",
    "https://deno.land/x/grammy_types@v3.20.0/mod.ts": "2a22dc7cd29c2739647c22cec00d5d4e2f49ba1c61bcaf70b4206a14bce29799",
    "https://deno.land/x/grammy_types@v3.20.0/passport.ts": "19820e7d6c279521f8bc8912d6a378239f73d4ab525453808994b5f44ef95215",
    "https://deno.land/x/grammy_types@v3.20.0/payment.ts": "8f016ffe46221c80d9d1a1b30848d8ccc10548f0ec281c9d3312b598cb0c2a4d",
    "https://deno.land/x/grammy_types@v3.20.0/settings.ts": "f8ff810da6f1007ed24cd504809bf46820229c395ff9bfc3e5c8ceaef5b2aae1",
    "https://deno.land/x/grammy_types@v3.20.0/story.ts": "f558c6e6054a43fa1403c2376f7c0b51e2138f4e0d13f0f6e870ffd1cd085ae2",
    "https://deno.land/x/grammy_types@v3.20.0/update.ts": "71cc0d5ec860149b71415ba03282b1d7edd0466b36e2789521a3b3a3d7796493"
  },
  "workspace": {
    "dependencies": [
      "npm:@types/pg@^8.11.13",
      "npm:drizzle-kit@0.31",
      "npm:drizzle-orm@0.42",
      "npm:pg@^8.14.1"
    ]
  }
}
